
Microsoft Visual Studio Solution File, Format Version 12.00
# Visual Studio 2013
VisualStudioVersion = 12.0.21005.1
MinimumVisualStudioVersion = 10.0.40219.1
Project("{FAE04EC0-301F-11D3-BF4B-00C04F79EFBC}") = "Bank.Queue.Oper_1", "Bank.Queue.Oper_1\Bank.Queue.Oper_1.csproj", "{C3CBC41F-5E03-4454-AB43-F6F3C6779B17}"
EndProject
Project("{FAE04EC0-301F-11D3-BF4B-00C04F79EFBC}") = "Bank.Queue.Oper_2", "Bank.Queue.Oper_2\Bank.Queue.Oper_2.csproj", "{46A699A9-D612-4BEE-91C6-B09AC17A8E6D}"
EndProject
Global
	GlobalSection(SolutionConfigurationPlatforms) = preSolution
		Debug|Any CPU = Debug|Any CPU
		Release|Any CPU = Release|Any CPU
	EndGlobalSection
	GlobalSection(ProjectConfigurationPlatforms) = postSolution
		{C3CBC41F-5E03-4454-AB43-F6F3C6779B17}.Debug|Any CPU.ActiveCfg = Debug|Any CPU
		{C3CBC41F-5E03-4454-AB43-F6F3C6779B17}.Debug|Any CPU.Build.0 = Debug|Any CPU
		{C3CBC41F-5E03-4454-AB43-F6F3C6779B17}.Release|Any CPU.ActiveCfg = Release|Any CPU
		{C3CBC41F-5E03-4454-AB43-F6F3C6779B17}.Release|Any CPU.Build.0 = Release|Any CPU
		{46A699A9-D612-4BEE-91C6-B09AC17A8E6D}.Debug|Any CPU.ActiveCfg = Debug|Any CPU
		{46A699A9-D612-4BEE-91C6-B09AC17A8E6D}.Debug|Any CPU.Build.0 = Debug|Any CPU
		{46A699A9-D612-4BEE-91C6-B09AC17A8E6D}.Release|Any CPU.ActiveCfg = Release|Any CPU
		{46A699A9-D612-4BEE-91C6-B09AC17A8E6D}.Release|Any CPU.Build.0 = Release|Any CPU
	EndGlobalSection
	GlobalSection(SolutionProperties) = preSolution
		HideSolutionNode = FALSE
	EndGlobalSection
EndGlobal
