
Microsoft Visual Studio Solution File, Format Version 12.00
# Visual Studio 2013
VisualStudioVersion = 12.0.21005.1
MinimumVisualStudioVersion = 10.0.40219.1
Project("{FAE04EC0-301F-11D3-BF4B-00C04F79EFBC}") = "PhoneBookTestApp", "PhoneBookTestApp\PhoneBookTestApp.csproj", "{9430F69C-321F-4A0C-BAD5-3D802A89F835}"
EndProject
Project("{2150E333-8FDC-42A3-9474-1A3956D46DE8}") = ".nuget", ".nuget", "{7957FFFF-2FDB-4DDF-91BD-EF2E02A098C3}"
	ProjectSection(SolutionItems) = preProject
		.nuget\packages.config = .nuget\packages.config
	EndProjectSection
EndProject
Project("{FAE04EC0-301F-11D3-BF4B-00C04F79EFBC}") = "PhoneBookTestAppTests", "PhoneBookTestAppTests\PhoneBookTestAppTests.csproj", "{50AA2A60-C129-41A6-94B9-0AEA3C4BCCF6}"
EndProject
Global
	GlobalSection(SolutionConfigurationPlatforms) = preSolution
		Debug|Any CPU = Debug|Any CPU
		Release|Any CPU = Release|Any CPU
	EndGlobalSection
	GlobalSection(ProjectConfigurationPlatforms) = postSolution
		{9430F69C-321F-4A0C-BAD5-3D802A89F835}.Debug|Any CPU.ActiveCfg = Debug|Any CPU
		{9430F69C-321F-4A0C-BAD5-3D802A89F835}.Debug|Any CPU.Build.0 = Debug|Any CPU
		{9430F69C-321F-4A0C-BAD5-3D802A89F835}.Release|Any CPU.ActiveCfg = Release|Any CPU
		{9430F69C-321F-4A0C-BAD5-3D802A89F835}.Release|Any CPU.Build.0 = Release|Any CPU
		{50AA2A60-C129-41A6-94B9-0AEA3C4BCCF6}.Debug|Any CPU.ActiveCfg = Debug|Any CPU
		{50AA2A60-C129-41A6-94B9-0AEA3C4BCCF6}.Debug|Any CPU.Build.0 = Debug|Any CPU
		{50AA2A60-C129-41A6-94B9-0AEA3C4BCCF6}.Release|Any CPU.ActiveCfg = Release|Any CPU
		{50AA2A60-C129-41A6-94B9-0AEA3C4BCCF6}.Release|Any CPU.Build.0 = Release|Any CPU
	EndGlobalSection
	GlobalSection(SolutionProperties) = preSolution
		HideSolutionNode = FALSE
	EndGlobalSection
EndGlobal
