
Microsoft Visual Studio Solution File, Format Version 12.00
# Visual Studio 2013
VisualStudioVersion = 12.0.21005.1
MinimumVisualStudioVersion = 10.0.40219.1
Project("{2150E333-8FDC-42A3-9474-1A3956D46DE8}") = "DataBinding", "DataBinding", "{091C02C5-F503-45FF-B2EE-54943A962887}"
EndProject
Project("{2150E333-8FDC-42A3-9474-1A3956D46DE8}") = "Events", "Events", "{C0845896-C3DB-4C73-921B-3C0E3AE5EE05}"
EndProject
Project("{FAE04EC0-301F-11D3-BF4B-00C04F79EFBC}") = "Binding.ElementPath", "Binding_ElementPath\Binding.ElementPath.csproj", "{7E5145E2-6971-4AFC-9853-6CE740D019E9}"
EndProject
Project("{FAE04EC0-301F-11D3-BF4B-00C04F79EFBC}") = "Binding.Event.Appointment", "Binding_Event_Appointment\Binding.Event.Appointment.csproj", "{447009ED-A822-45DD-B5FB-E31DD0A50CD2}"
EndProject
Project("{FAE04EC0-301F-11D3-BF4B-00C04F79EFBC}") = "Binding.FonteSize_1", "Binding_FontSize_1\Binding.FonteSize_1.csproj", "{BD63C893-6852-4CEB-A9DE-48BF3DDD074C}"
EndProject
Project("{FAE04EC0-301F-11D3-BF4B-00C04F79EFBC}") = "Binding.FonteSize_2", "Binding_FontSize_2\Binding.FonteSize_2.csproj", "{E10D7270-FEA2-49ED-867C-64ACCF29BF06}"
EndProject
Project("{FAE04EC0-301F-11D3-BF4B-00C04F79EFBC}") = "Binding.StaticResource.AddNew", "Binding_StaticResource_AddNew\Binding.StaticResource.AddNew.csproj", "{112F27E5-27D2-43D2-9B3C-BE8FE99750CB}"
EndProject
Project("{FAE04EC0-301F-11D3-BF4B-00C04F79EFBC}") = "Binding.StaticResource.List", "Binding_StaticResource_List\Binding.StaticResource.List.csproj", "{52C34C89-7E4B-4F7E-ABAE-DAB06F46C204}"
EndProject
Project("{FAE04EC0-301F-11D3-BF4B-00C04F79EFBC}") = "Binding.StaticResource.Obj", "Binding_StaticResource_Obj\Binding.StaticResource.Obj.csproj", "{E854D990-A198-4816-9814-66D8F406ED75}"
EndProject
Project("{FAE04EC0-301F-11D3-BF4B-00C04F79EFBC}") = "Binding.Basics.TwoWays", "Binding_TwoWays\Binding.Basics.TwoWays.csproj", "{D9835BFE-E8B9-415D-B080-9E10D783F226}"
EndProject
Project("{FAE04EC0-301F-11D3-BF4B-00C04F79EFBC}") = "Binding.Temperature.Converter", "Binding_Temperature_Converter\Binding.Temperature.Converter.csproj", "{8D5649E9-3BFB-4013-AEB2-94CB14C48D02}"
EndProject
Project("{FAE04EC0-301F-11D3-BF4B-00C04F79EFBC}") = "Events.Basics", "Events_Basics\Events.Basics.csproj", "{1D83B3FD-E3FD-49E5-93F5-1FA68E373483}"
EndProject
Project("{FAE04EC0-301F-11D3-BF4B-00C04F79EFBC}") = "Events.Tunnel.Buble", "Events_Tunnel_Buble\Events.Tunnel.Buble.csproj", "{CDF1B5E0-1035-4A2C-B4E5-ADAF17A477B9}"
EndProject
Project("{2150E333-8FDC-42A3-9474-1A3956D46DE8}") = "Modal", "Modal", "{E4E8E327-1819-4D43-BAD7-ACF5A908B131}"
EndProject
Project("{FAE04EC0-301F-11D3-BF4B-00C04F79EFBC}") = "Modal", "Modal\Modal.csproj", "{2AE30BC0-5EEA-419D-AF5C-495992A9C8B7}"
EndProject
Project("{2150E333-8FDC-42A3-9474-1A3956D46DE8}") = "WaterMark", "WaterMark", "{83AFCC04-4AF0-4AA3-967A-E25CDE84D1C5}"
EndProject
Project("{FAE04EC0-301F-11D3-BF4B-00C04F79EFBC}") = "WaterMark", "WaterMark\WaterMark.csproj", "{C765C7CD-0BD3-4C8A-A343-F9503FF13E77}"
EndProject
Project("{FAE04EC0-301F-11D3-BF4B-00C04F79EFBC}") = "HackModal", "HackModal\HackModal.csproj", "{38951BDB-95FB-46CE-900E-0B4FF29292F9}"
EndProject
Project("{FAE04EC0-301F-11D3-BF4B-00C04F79EFBC}") = "Binding.RelativeSource", "Binding_RelativeSource\Binding.RelativeSource.csproj", "{810E651E-375F-449F-B33F-5F2ECEBCE723}"
EndProject
Project("{2150E333-8FDC-42A3-9474-1A3956D46DE8}") = "Modules", "Modules", "{C92F82C9-E888-4593-98C5-19A9560A9D8F}"
EndProject
Project("{FAE04EC0-301F-11D3-BF4B-00C04F79EFBC}") = "Modules_ViewModel", "Module_ViewModel\Modules_ViewModel.csproj", "{4A75E639-1DF4-4B84-98D3-2E4922C7F497}"
EndProject
Global
	GlobalSection(SolutionConfigurationPlatforms) = preSolution
		Debug|Any CPU = Debug|Any CPU
		Release|Any CPU = Release|Any CPU
	EndGlobalSection
	GlobalSection(ProjectConfigurationPlatforms) = postSolution
		{7E5145E2-6971-4AFC-9853-6CE740D019E9}.Debug|Any CPU.ActiveCfg = Debug|Any CPU
		{7E5145E2-6971-4AFC-9853-6CE740D019E9}.Debug|Any CPU.Build.0 = Debug|Any CPU
		{7E5145E2-6971-4AFC-9853-6CE740D019E9}.Release|Any CPU.ActiveCfg = Release|Any CPU
		{7E5145E2-6971-4AFC-9853-6CE740D019E9}.Release|Any CPU.Build.0 = Release|Any CPU
		{447009ED-A822-45DD-B5FB-E31DD0A50CD2}.Debug|Any CPU.ActiveCfg = Debug|Any CPU
		{447009ED-A822-45DD-B5FB-E31DD0A50CD2}.Debug|Any CPU.Build.0 = Debug|Any CPU
		{447009ED-A822-45DD-B5FB-E31DD0A50CD2}.Release|Any CPU.ActiveCfg = Release|Any CPU
		{447009ED-A822-45DD-B5FB-E31DD0A50CD2}.Release|Any CPU.Build.0 = Release|Any CPU
		{BD63C893-6852-4CEB-A9DE-48BF3DDD074C}.Debug|Any CPU.ActiveCfg = Debug|Any CPU
		{BD63C893-6852-4CEB-A9DE-48BF3DDD074C}.Debug|Any CPU.Build.0 = Debug|Any CPU
		{BD63C893-6852-4CEB-A9DE-48BF3DDD074C}.Release|Any CPU.ActiveCfg = Release|Any CPU
		{BD63C893-6852-4CEB-A9DE-48BF3DDD074C}.Release|Any CPU.Build.0 = Release|Any CPU
		{E10D7270-FEA2-49ED-867C-64ACCF29BF06}.Debug|Any CPU.ActiveCfg = Debug|Any CPU
		{E10D7270-FEA2-49ED-867C-64ACCF29BF06}.Debug|Any CPU.Build.0 = Debug|Any CPU
		{E10D7270-FEA2-49ED-867C-64ACCF29BF06}.Release|Any CPU.ActiveCfg = Release|Any CPU
		{E10D7270-FEA2-49ED-867C-64ACCF29BF06}.Release|Any CPU.Build.0 = Release|Any CPU
		{112F27E5-27D2-43D2-9B3C-BE8FE99750CB}.Debug|Any CPU.ActiveCfg = Debug|Any CPU
		{112F27E5-27D2-43D2-9B3C-BE8FE99750CB}.Debug|Any CPU.Build.0 = Debug|Any CPU
		{112F27E5-27D2-43D2-9B3C-BE8FE99750CB}.Release|Any CPU.ActiveCfg = Release|Any CPU
		{112F27E5-27D2-43D2-9B3C-BE8FE99750CB}.Release|Any CPU.Build.0 = Release|Any CPU
		{52C34C89-7E4B-4F7E-ABAE-DAB06F46C204}.Debug|Any CPU.ActiveCfg = Debug|Any CPU
		{52C34C89-7E4B-4F7E-ABAE-DAB06F46C204}.Debug|Any CPU.Build.0 = Debug|Any CPU
		{52C34C89-7E4B-4F7E-ABAE-DAB06F46C204}.Release|Any CPU.ActiveCfg = Release|Any CPU
		{52C34C89-7E4B-4F7E-ABAE-DAB06F46C204}.Release|Any CPU.Build.0 = Release|Any CPU
		{E854D990-A198-4816-9814-66D8F406ED75}.Debug|Any CPU.ActiveCfg = Debug|Any CPU
		{E854D990-A198-4816-9814-66D8F406ED75}.Debug|Any CPU.Build.0 = Debug|Any CPU
		{E854D990-A198-4816-9814-66D8F406ED75}.Release|Any CPU.ActiveCfg = Release|Any CPU
		{E854D990-A198-4816-9814-66D8F406ED75}.Release|Any CPU.Build.0 = Release|Any CPU
		{D9835BFE-E8B9-415D-B080-9E10D783F226}.Debug|Any CPU.ActiveCfg = Debug|Any CPU
		{D9835BFE-E8B9-415D-B080-9E10D783F226}.Debug|Any CPU.Build.0 = Debug|Any CPU
		{D9835BFE-E8B9-415D-B080-9E10D783F226}.Release|Any CPU.ActiveCfg = Release|Any CPU
		{D9835BFE-E8B9-415D-B080-9E10D783F226}.Release|Any CPU.Build.0 = Release|Any CPU
		{8D5649E9-3BFB-4013-AEB2-94CB14C48D02}.Debug|Any CPU.ActiveCfg = Debug|Any CPU
		{8D5649E9-3BFB-4013-AEB2-94CB14C48D02}.Debug|Any CPU.Build.0 = Debug|Any CPU
		{8D5649E9-3BFB-4013-AEB2-94CB14C48D02}.Release|Any CPU.ActiveCfg = Release|Any CPU
		{8D5649E9-3BFB-4013-AEB2-94CB14C48D02}.Release|Any CPU.Build.0 = Release|Any CPU
		{1D83B3FD-E3FD-49E5-93F5-1FA68E373483}.Debug|Any CPU.ActiveCfg = Debug|Any CPU
		{1D83B3FD-E3FD-49E5-93F5-1FA68E373483}.Debug|Any CPU.Build.0 = Debug|Any CPU
		{1D83B3FD-E3FD-49E5-93F5-1FA68E373483}.Release|Any CPU.ActiveCfg = Release|Any CPU
		{1D83B3FD-E3FD-49E5-93F5-1FA68E373483}.Release|Any CPU.Build.0 = Release|Any CPU
		{CDF1B5E0-1035-4A2C-B4E5-ADAF17A477B9}.Debug|Any CPU.ActiveCfg = Debug|Any CPU
		{CDF1B5E0-1035-4A2C-B4E5-ADAF17A477B9}.Debug|Any CPU.Build.0 = Debug|Any CPU
		{CDF1B5E0-1035-4A2C-B4E5-ADAF17A477B9}.Release|Any CPU.ActiveCfg = Release|Any CPU
		{CDF1B5E0-1035-4A2C-B4E5-ADAF17A477B9}.Release|Any CPU.Build.0 = Release|Any CPU
		{2AE30BC0-5EEA-419D-AF5C-495992A9C8B7}.Debug|Any CPU.ActiveCfg = Debug|Any CPU
		{2AE30BC0-5EEA-419D-AF5C-495992A9C8B7}.Debug|Any CPU.Build.0 = Debug|Any CPU
		{2AE30BC0-5EEA-419D-AF5C-495992A9C8B7}.Release|Any CPU.ActiveCfg = Release|Any CPU
		{2AE30BC0-5EEA-419D-AF5C-495992A9C8B7}.Release|Any CPU.Build.0 = Release|Any CPU
		{C765C7CD-0BD3-4C8A-A343-F9503FF13E77}.Debug|Any CPU.ActiveCfg = Debug|Any CPU
		{C765C7CD-0BD3-4C8A-A343-F9503FF13E77}.Debug|Any CPU.Build.0 = Debug|Any CPU
		{C765C7CD-0BD3-4C8A-A343-F9503FF13E77}.Release|Any CPU.ActiveCfg = Release|Any CPU
		{C765C7CD-0BD3-4C8A-A343-F9503FF13E77}.Release|Any CPU.Build.0 = Release|Any CPU
		{38951BDB-95FB-46CE-900E-0B4FF29292F9}.Debug|Any CPU.ActiveCfg = Debug|Any CPU
		{38951BDB-95FB-46CE-900E-0B4FF29292F9}.Debug|Any CPU.Build.0 = Debug|Any CPU
		{38951BDB-95FB-46CE-900E-0B4FF29292F9}.Release|Any CPU.ActiveCfg = Release|Any CPU
		{38951BDB-95FB-46CE-900E-0B4FF29292F9}.Release|Any CPU.Build.0 = Release|Any CPU
		{810E651E-375F-449F-B33F-5F2ECEBCE723}.Debug|Any CPU.ActiveCfg = Debug|Any CPU
		{810E651E-375F-449F-B33F-5F2ECEBCE723}.Debug|Any CPU.Build.0 = Debug|Any CPU
		{810E651E-375F-449F-B33F-5F2ECEBCE723}.Release|Any CPU.ActiveCfg = Release|Any CPU
		{810E651E-375F-449F-B33F-5F2ECEBCE723}.Release|Any CPU.Build.0 = Release|Any CPU
		{4A75E639-1DF4-4B84-98D3-2E4922C7F497}.Debug|Any CPU.ActiveCfg = Debug|Any CPU
		{4A75E639-1DF4-4B84-98D3-2E4922C7F497}.Debug|Any CPU.Build.0 = Debug|Any CPU
		{4A75E639-1DF4-4B84-98D3-2E4922C7F497}.Release|Any CPU.ActiveCfg = Release|Any CPU
		{4A75E639-1DF4-4B84-98D3-2E4922C7F497}.Release|Any CPU.Build.0 = Release|Any CPU
	EndGlobalSection
	GlobalSection(SolutionProperties) = preSolution
		HideSolutionNode = FALSE
	EndGlobalSection
	GlobalSection(NestedProjects) = preSolution
		{7E5145E2-6971-4AFC-9853-6CE740D019E9} = {091C02C5-F503-45FF-B2EE-54943A962887}
		{447009ED-A822-45DD-B5FB-E31DD0A50CD2} = {091C02C5-F503-45FF-B2EE-54943A962887}
		{BD63C893-6852-4CEB-A9DE-48BF3DDD074C} = {091C02C5-F503-45FF-B2EE-54943A962887}
		{E10D7270-FEA2-49ED-867C-64ACCF29BF06} = {091C02C5-F503-45FF-B2EE-54943A962887}
		{112F27E5-27D2-43D2-9B3C-BE8FE99750CB} = {091C02C5-F503-45FF-B2EE-54943A962887}
		{52C34C89-7E4B-4F7E-ABAE-DAB06F46C204} = {091C02C5-F503-45FF-B2EE-54943A962887}
		{E854D990-A198-4816-9814-66D8F406ED75} = {091C02C5-F503-45FF-B2EE-54943A962887}
		{D9835BFE-E8B9-415D-B080-9E10D783F226} = {091C02C5-F503-45FF-B2EE-54943A962887}
		{8D5649E9-3BFB-4013-AEB2-94CB14C48D02} = {091C02C5-F503-45FF-B2EE-54943A962887}
		{810E651E-375F-449F-B33F-5F2ECEBCE723} = {091C02C5-F503-45FF-B2EE-54943A962887}
		{1D83B3FD-E3FD-49E5-93F5-1FA68E373483} = {C0845896-C3DB-4C73-921B-3C0E3AE5EE05}
		{CDF1B5E0-1035-4A2C-B4E5-ADAF17A477B9} = {C0845896-C3DB-4C73-921B-3C0E3AE5EE05}
		{2AE30BC0-5EEA-419D-AF5C-495992A9C8B7} = {E4E8E327-1819-4D43-BAD7-ACF5A908B131}
		{38951BDB-95FB-46CE-900E-0B4FF29292F9} = {E4E8E327-1819-4D43-BAD7-ACF5A908B131}
		{C765C7CD-0BD3-4C8A-A343-F9503FF13E77} = {83AFCC04-4AF0-4AA3-967A-E25CDE84D1C5}
		{4A75E639-1DF4-4B84-98D3-2E4922C7F497} = {C92F82C9-E888-4593-98C5-19A9560A9D8F}
	EndGlobalSection
EndGlobal
