Microsoft Visual Studio Solution File, Format Version 12.00
# Visual Studio 2013
VisualStudioVersion = 12.0.21005.1
MinimumVisualStudioVersion = 10.0.40219.1
Project("{FAE04EC0-301F-11D3-BF4B-00C04F79EFBC}") = "MazeSolver", "MazeSolver\MazeSolver.csproj", "{BB1C5DA7-723E-474E-B004-1979F529D4F9}"
EndProject
Project("{FAE04EC0-301F-11D3-BF4B-00C04F79EFBC}") = "MazerTest", "MazerTest\MazerTest.csproj", "{D1C7F1B1-31A2-4009-B34A-445E39501761}"
EndProject
Global
	GlobalSection(SolutionConfigurationPlatforms) = preSolution
		Debug|Any CPU = Debug|Any CPU
		Release|Any CPU = Release|Any CPU
	EndGlobalSection
	GlobalSection(ProjectConfigurationPlatforms) = postSolution
		{BB1C5DA7-723E-474E-B004-1979F529D4F9}.Debug|Any CPU.ActiveCfg = Debug|Any CPU
		{BB1C5DA7-723E-474E-B004-1979F529D4F9}.Debug|Any CPU.Build.0 = Debug|Any CPU
		{BB1C5DA7-723E-474E-B004-1979F529D4F9}.Release|Any CPU.ActiveCfg = Release|Any CPU
		{BB1C5DA7-723E-474E-B004-1979F529D4F9}.Release|Any CPU.Build.0 = Release|Any CPU
		{D1C7F1B1-31A2-4009-B34A-445E39501761}.Debug|Any CPU.ActiveCfg = Debug|Any CPU
		{D1C7F1B1-31A2-4009-B34A-445E39501761}.Debug|Any CPU.Build.0 = Debug|Any CPU
		{D1C7F1B1-31A2-4009-B34A-445E39501761}.Release|Any CPU.ActiveCfg = Release|Any CPU
		{D1C7F1B1-31A2-4009-B34A-445E39501761}.Release|Any CPU.Build.0 = Release|Any CPU
	EndGlobalSection
	GlobalSection(SolutionProperties) = preSolution
		HideSolutionNode = FALSE
	EndGlobalSection
EndGlobal
