
Microsoft Visual Studio Solution File, Format Version 12.00
# Visual Studio 2013
VisualStudioVersion = 12.0.21005.1
MinimumVisualStudioVersion = 10.0.40219.1
Project("{FAE04EC0-301F-11D3-BF4B-00C04F79EFBC}") = "Arquitetura.SquareRoot", "Arquitetura.SquareRoot\Arquitetura.SquareRoot.csproj", "{5B77499C-28B7-4BC9-9D77-70169AB9CA77}"
EndProject
Project("{FAE04EC0-301F-11D3-BF4B-00C04F79EFBC}") = "Arquitetura.IoCTests", "Arquitetura.IoCTests\Arquitetura.IoCTests.csproj", "{48B768D9-E502-4174-996C-C11C0A7B09FB}"
EndProject
Project("{FAE04EC0-301F-11D3-BF4B-00C04F79EFBC}") = "Arquitetura.IoC", "Arquitetura.IoC\Arquitetura.IoC.csproj", "{19EDC4AB-6E76-4B0A-8780-86163CC0367C}"
EndProject
Global
	GlobalSection(SolutionConfigurationPlatforms) = preSolution
		Debug|Any CPU = Debug|Any CPU
		Release|Any CPU = Release|Any CPU
	EndGlobalSection
	GlobalSection(ProjectConfigurationPlatforms) = postSolution
		{5B77499C-28B7-4BC9-9D77-70169AB9CA77}.Debug|Any CPU.ActiveCfg = Debug|Any CPU
		{5B77499C-28B7-4BC9-9D77-70169AB9CA77}.Debug|Any CPU.Build.0 = Debug|Any CPU
		{5B77499C-28B7-4BC9-9D77-70169AB9CA77}.Release|Any CPU.ActiveCfg = Release|Any CPU
		{5B77499C-28B7-4BC9-9D77-70169AB9CA77}.Release|Any CPU.Build.0 = Release|Any CPU
		{48B768D9-E502-4174-996C-C11C0A7B09FB}.Debug|Any CPU.ActiveCfg = Debug|Any CPU
		{48B768D9-E502-4174-996C-C11C0A7B09FB}.Debug|Any CPU.Build.0 = Debug|Any CPU
		{48B768D9-E502-4174-996C-C11C0A7B09FB}.Release|Any CPU.ActiveCfg = Release|Any CPU
		{48B768D9-E502-4174-996C-C11C0A7B09FB}.Release|Any CPU.Build.0 = Release|Any CPU
		{19EDC4AB-6E76-4B0A-8780-86163CC0367C}.Debug|Any CPU.ActiveCfg = Debug|Any CPU
		{19EDC4AB-6E76-4B0A-8780-86163CC0367C}.Debug|Any CPU.Build.0 = Debug|Any CPU
		{19EDC4AB-6E76-4B0A-8780-86163CC0367C}.Release|Any CPU.ActiveCfg = Release|Any CPU
		{19EDC4AB-6E76-4B0A-8780-86163CC0367C}.Release|Any CPU.Build.0 = Release|Any CPU
	EndGlobalSection
	GlobalSection(SolutionProperties) = preSolution
		HideSolutionNode = FALSE
	EndGlobalSection
EndGlobal
